
Microsoft Visual Studio Solution File, Format Version 12.00
# Visual Studio Version 16
VisualStudioVersion = 16.0.30804.86
MinimumVisualStudioVersion = 10.0.40219.1
Project("{8BC9CEB8-8B4A-11D0-8D11-00A0C91BC942}") = "ConsoleApplication1", "ConsoleApplication1\ConsoleApplication1.vcxproj", "{259A7D02-BD8F-447C-8BB3-3517F8C2F676}"
EndProject
Global
	GlobalSection(SolutionConfigurationPlatforms) = preSolution
		Debug|x64 = Debug|x64
		Debug|x86 = Debug|x86
		Release|x64 = Release|x64
		Release|x86 = Release|x86
	EndGlobalSection
	GlobalSection(ProjectConfigurationPlatforms) = postSolution
		{259A7D02-BD8F-447C-8BB3-3517F8C2F676}.Debug|x64.ActiveCfg = Debug|x64
		{259A7D02-BD8F-447C-8BB3-3517F8C2F676}.Debug|x64.Build.0 = Debug|x64
		{259A7D02-BD8F-447C-8BB3-3517F8C2F676}.Debug|x86.ActiveCfg = Debug|Win32
		{259A7D02-BD8F-447C-8BB3-3517F8C2F676}.Debug|x86.Build.0 = Debug|Win32
		{259A7D02-BD8F-447C-8BB3-3517F8C2F676}.Release|x64.ActiveCfg = Release|x64
		{259A7D02-BD8F-447C-8BB3-3517F8C2F676}.Release|x64.Build.0 = Release|x64
		{259A7D02-BD8F-447C-8BB3-3517F8C2F676}.Release|x86.ActiveCfg = Release|Win32
		{259A7D02-BD8F-447C-8BB3-3517F8C2F676}.Release|x86.Build.0 = Release|Win32
	EndGlobalSection
	GlobalSection(SolutionProperties) = preSolution
		HideSolutionNode = FALSE
	EndGlobalSection
	GlobalSection(ExtensibilityGlobals) = postSolution
		SolutionGuid = {A3EB7AA2-788B-4690-AFE2-8846EC21105B}
	EndGlobalSection
EndGlobal
