
Microsoft Visual Studio Solution File, Format Version 12.00
# Visual Studio Version 16
VisualStudioVersion = 16.0.30804.86
MinimumVisualStudioVersion = 10.0.40219.1
Project("{8BC9CEB8-8B4A-11D0-8D11-00A0C91BC942}") = "Workshop 2 task 3", "Workshop 2 task 3\Workshop 2 task 3.vcxproj", "{4EE1542E-F256-4479-ACDF-9AED17280100}"
EndProject
Global
	GlobalSection(SolutionConfigurationPlatforms) = preSolution
		Debug|x64 = Debug|x64
		Debug|x86 = Debug|x86
		Release|x64 = Release|x64
		Release|x86 = Release|x86
	EndGlobalSection
	GlobalSection(ProjectConfigurationPlatforms) = postSolution
		{4EE1542E-F256-4479-ACDF-9AED17280100}.Debug|x64.ActiveCfg = Debug|x64
		{4EE1542E-F256-4479-ACDF-9AED17280100}.Debug|x64.Build.0 = Debug|x64
		{4EE1542E-F256-4479-ACDF-9AED17280100}.Debug|x86.ActiveCfg = Debug|Win32
		{4EE1542E-F256-4479-ACDF-9AED17280100}.Debug|x86.Build.0 = Debug|Win32
		{4EE1542E-F256-4479-ACDF-9AED17280100}.Release|x64.ActiveCfg = Release|x64
		{4EE1542E-F256-4479-ACDF-9AED17280100}.Release|x64.Build.0 = Release|x64
		{4EE1542E-F256-4479-ACDF-9AED17280100}.Release|x86.ActiveCfg = Release|Win32
		{4EE1542E-F256-4479-ACDF-9AED17280100}.Release|x86.Build.0 = Release|Win32
	EndGlobalSection
	GlobalSection(SolutionProperties) = preSolution
		HideSolutionNode = FALSE
	EndGlobalSection
	GlobalSection(ExtensibilityGlobals) = postSolution
		SolutionGuid = {45CA6E40-630B-4E78-9E71-C5D0F96E2E2F}
	EndGlobalSection
EndGlobal
